
Microsoft Visual Studio Solution File, Format Version 12.00
# Visual Studio 2013
VisualStudioVersion = 12.0.31101.0
MinimumVisualStudioVersion = 10.0.40219.1
Project("{FAE04EC0-301F-11D3-BF4B-00C04F79EFBC}") = "MecabSharp", "MecabSharp\MecabSharp.csproj", "{3E875DD8-8E22-4964-BD80-E62FD9780EEE}"
EndProject
Project("{FAE04EC0-301F-11D3-BF4B-00C04F79EFBC}") = "TestGui", "TestGui\TestGui.csproj", "{649E005B-71A8-4E05-BE9A-3E2B20102979}"
EndProject
Global
	GlobalSection(SolutionConfigurationPlatforms) = preSolution
		Debug|Any CPU = Debug|Any CPU
		Release|Any CPU = Release|Any CPU
	EndGlobalSection
	GlobalSection(ProjectConfigurationPlatforms) = postSolution
		{3E875DD8-8E22-4964-BD80-E62FD9780EEE}.Debug|Any CPU.ActiveCfg = Debug|Any CPU
		{3E875DD8-8E22-4964-BD80-E62FD9780EEE}.Debug|Any CPU.Build.0 = Debug|Any CPU
		{3E875DD8-8E22-4964-BD80-E62FD9780EEE}.Release|Any CPU.ActiveCfg = Release|Any CPU
		{3E875DD8-8E22-4964-BD80-E62FD9780EEE}.Release|Any CPU.Build.0 = Release|Any CPU
		{649E005B-71A8-4E05-BE9A-3E2B20102979}.Debug|Any CPU.ActiveCfg = Debug|Any CPU
		{649E005B-71A8-4E05-BE9A-3E2B20102979}.Debug|Any CPU.Build.0 = Debug|Any CPU
		{649E005B-71A8-4E05-BE9A-3E2B20102979}.Release|Any CPU.ActiveCfg = Release|Any CPU
		{649E005B-71A8-4E05-BE9A-3E2B20102979}.Release|Any CPU.Build.0 = Release|Any CPU
	EndGlobalSection
	GlobalSection(SolutionProperties) = preSolution
		HideSolutionNode = FALSE
	EndGlobalSection
EndGlobal
